
Microsoft Visual Studio Solution File, Format Version 12.00
# Visual Studio 15
VisualStudioVersion = 15.0.28010.2041
MinimumVisualStudioVersion = 10.0.40219.1
Project("{FAE04EC0-301F-11D3-BF4B-00C04F79EFBC}") = "ApiCalcTeste", "ApiCalcTeste\ApiCalcTeste.csproj", "{547A6902-27D2-4EAA-A601-1CB5626CBB11}"
EndProject
Project("{E53339B2-1760-4266-BCC7-CA923CBCF16C}") = "docker-compose", "docker-compose.dcproj", "{8CC97A2A-33FC-4A0F-A496-71503D82275F}"
EndProject
Global
	GlobalSection(SolutionConfigurationPlatforms) = preSolution
		Debug|Any CPU = Debug|Any CPU
		Release|Any CPU = Release|Any CPU
	EndGlobalSection
	GlobalSection(ProjectConfigurationPlatforms) = postSolution
		{547A6902-27D2-4EAA-A601-1CB5626CBB11}.Debug|Any CPU.ActiveCfg = Debug|Any CPU
		{547A6902-27D2-4EAA-A601-1CB5626CBB11}.Debug|Any CPU.Build.0 = Debug|Any CPU
		{547A6902-27D2-4EAA-A601-1CB5626CBB11}.Release|Any CPU.ActiveCfg = Release|Any CPU
		{547A6902-27D2-4EAA-A601-1CB5626CBB11}.Release|Any CPU.Build.0 = Release|Any CPU
		{8CC97A2A-33FC-4A0F-A496-71503D82275F}.Debug|Any CPU.ActiveCfg = Debug|Any CPU
		{8CC97A2A-33FC-4A0F-A496-71503D82275F}.Debug|Any CPU.Build.0 = Debug|Any CPU
		{8CC97A2A-33FC-4A0F-A496-71503D82275F}.Release|Any CPU.ActiveCfg = Release|Any CPU
		{8CC97A2A-33FC-4A0F-A496-71503D82275F}.Release|Any CPU.Build.0 = Release|Any CPU
	EndGlobalSection
	GlobalSection(SolutionProperties) = preSolution
		HideSolutionNode = FALSE
	EndGlobalSection
	GlobalSection(ExtensibilityGlobals) = postSolution
		SolutionGuid = {4BE1CE53-D059-4E89-865B-462B13F4DE17}
	EndGlobalSection
EndGlobal
